# This file was autogenerated by Stack.
# You should not edit this file by hand.
# For more information, please see the documentation at:
#   https://docs.haskellstack.org/en/stable/topics/lock_files

packages: []
snapshots:
- completed:
    sha256: 9d4e55afd163141694680ca88998993d7156bf13cb43fe5497a4f894c6427a8b
    size: 770945
    url: https://raw.githubusercontent.com/commercialhaskell/stackage-snapshots/master/nightly/2026/8/12.yaml
  original: nightly-2026-08-12
